{
  "name": "System",
  "lockfileVersion": 3,
  "requires": true,
  "packages": {
    "": {
      "dependencies": {
        "jcalendar.js": "^2.12.2"
      }
    },
    "node_modules/jcalendar.js": {
      "version": "2.12.2",
      "resolved": "https://registry.npmjs.org/jcalendar.js/-/jcalendar.js-2.12.2.tgz",
      "integrity": "sha512-t6XsZdfxQrwCETRo+MmPuo+u4GPDDKoemwOjGS4FCgH3enBXwBOFH9gCmZEWJ+bTi8BW0/jUBzzmr8JNjkKFQw==",
      "license": "MIT"
    }
  }
}
